
Microsoft Visual Studio Solution File, Format Version 12.00
# Visual Studio Version 16
VisualStudioVersion = 16.0.31727.386
MinimumVisualStudioVersion = 10.0.40219.1
Project("{8BC9CEB8-8B4A-11D0-8D11-00A0C91BC942}") = "5.1 (24)", "5.1\5.1.vcxproj", "{031A1E3F-8B7F-4D70-B576-73589AA6F6DB}"
EndProject
Project("{8BC9CEB8-8B4A-11D0-8D11-00A0C91BC942}") = "5.2 (25)", "5.2 (26)\5.2 (26).vcxproj", "{86707844-A01C-4A11-9D20-19CA4D140CA6}"
EndProject
Project("{8BC9CEB8-8B4A-11D0-8D11-00A0C91BC942}") = "5.3 (26)", "5.3 (26)\5.3 (26).vcxproj", "{4F8DECB6-176D-4987-8AF8-8F538CC7E3D6}"
EndProject
Project("{8BC9CEB8-8B4A-11D0-8D11-00A0C91BC942}") = "5.4 (27)", "5.4 (27)\5.4 (27).vcxproj", "{5DC34F96-2C6A-4FE1-9DF4-8FC27E497092}"
EndProject
Project("{8BC9CEB8-8B4A-11D0-8D11-00A0C91BC942}") = "5.5 (28)", "5.5 (28)\5.5 (28).vcxproj", "{DA72D79F-A4F4-4E43-9A6C-67DD4A4852A6}"
EndProject
Project("{8BC9CEB8-8B4A-11D0-8D11-00A0C91BC942}") = "5.6 (29)", "5.6 (29)\5.6 (29).vcxproj", "{E671B3BB-F99D-4D27-A4D3-28D0245AEF78}"
EndProject
Project("{8BC9CEB8-8B4A-11D0-8D11-00A0C91BC942}") = "5.7 (34)", "5.7 (34)\5.7 (34).vcxproj", "{5B67A035-EA89-435A-B4E9-29F170548280}"
EndProject
Project("{8BC9CEB8-8B4A-11D0-8D11-00A0C91BC942}") = "5.8 (35)", "5.8 (35)\5.8 (35).vcxproj", "{4CE061DE-25F2-4BA7-930C-424EA8960BB0}"
EndProject
Project("{8BC9CEB8-8B4A-11D0-8D11-00A0C91BC942}") = "5.9 (36)", "5.9 (36)\5.9 (36).vcxproj", "{58990678-B250-415F-8D68-4D7334C9FDC7}"
EndProject
Project("{8BC9CEB8-8B4A-11D0-8D11-00A0C91BC942}") = "5.91 (37)", "5.10 (37)\5.10 (37).vcxproj", "{87B5102C-C3E8-47AD-990E-FF58E8A2F1BC}"
EndProject
Project("{8BC9CEB8-8B4A-11D0-8D11-00A0C91BC942}") = "5.92 (38)", "5.92 (38)\5.92 (38).vcxproj", "{C951F572-19D2-41B9-8FD4-1573D565DDFC}"
EndProject
Project("{8BC9CEB8-8B4A-11D0-8D11-00A0C91BC942}") = "Number 39 AND 40", "Number 39\Number 39.vcxproj", "{F266EA15-77C0-4725-9590-64F8617BA523}"
EndProject
Global
	GlobalSection(SolutionConfigurationPlatforms) = preSolution
		Debug|x64 = Debug|x64
		Debug|x86 = Debug|x86
		Release|x64 = Release|x64
		Release|x86 = Release|x86
	EndGlobalSection
	GlobalSection(ProjectConfigurationPlatforms) = postSolution
		{031A1E3F-8B7F-4D70-B576-73589AA6F6DB}.Debug|x64.ActiveCfg = Debug|x64
		{031A1E3F-8B7F-4D70-B576-73589AA6F6DB}.Debug|x64.Build.0 = Debug|x64
		{031A1E3F-8B7F-4D70-B576-73589AA6F6DB}.Debug|x86.ActiveCfg = Debug|Win32
		{031A1E3F-8B7F-4D70-B576-73589AA6F6DB}.Debug|x86.Build.0 = Debug|Win32
		{031A1E3F-8B7F-4D70-B576-73589AA6F6DB}.Release|x64.ActiveCfg = Release|x64
		{031A1E3F-8B7F-4D70-B576-73589AA6F6DB}.Release|x64.Build.0 = Release|x64
		{031A1E3F-8B7F-4D70-B576-73589AA6F6DB}.Release|x86.ActiveCfg = Release|Win32
		{031A1E3F-8B7F-4D70-B576-73589AA6F6DB}.Release|x86.Build.0 = Release|Win32
		{86707844-A01C-4A11-9D20-19CA4D140CA6}.Debug|x64.ActiveCfg = Debug|x64
		{86707844-A01C-4A11-9D20-19CA4D140CA6}.Debug|x64.Build.0 = Debug|x64
		{86707844-A01C-4A11-9D20-19CA4D140CA6}.Debug|x86.ActiveCfg = Debug|Win32
		{86707844-A01C-4A11-9D20-19CA4D140CA6}.Debug|x86.Build.0 = Debug|Win32
		{86707844-A01C-4A11-9D20-19CA4D140CA6}.Release|x64.ActiveCfg = Release|x64
		{86707844-A01C-4A11-9D20-19CA4D140CA6}.Release|x64.Build.0 = Release|x64
		{86707844-A01C-4A11-9D20-19CA4D140CA6}.Release|x86.ActiveCfg = Release|Win32
		{86707844-A01C-4A11-9D20-19CA4D140CA6}.Release|x86.Build.0 = Release|Win32
		{4F8DECB6-176D-4987-8AF8-8F538CC7E3D6}.Debug|x64.ActiveCfg = Debug|x64
		{4F8DECB6-176D-4987-8AF8-8F538CC7E3D6}.Debug|x64.Build.0 = Debug|x64
		{4F8DECB6-176D-4987-8AF8-8F538CC7E3D6}.Debug|x86.ActiveCfg = Debug|Win32
		{4F8DECB6-176D-4987-8AF8-8F538CC7E3D6}.Debug|x86.Build.0 = Debug|Win32
		{4F8DECB6-176D-4987-8AF8-8F538CC7E3D6}.Release|x64.ActiveCfg = Release|x64
		{4F8DECB6-176D-4987-8AF8-8F538CC7E3D6}.Release|x64.Build.0 = Release|x64
		{4F8DECB6-176D-4987-8AF8-8F538CC7E3D6}.Release|x86.ActiveCfg = Release|Win32
		{4F8DECB6-176D-4987-8AF8-8F538CC7E3D6}.Release|x86.Build.0 = Release|Win32
		{5DC34F96-2C6A-4FE1-9DF4-8FC27E497092}.Debug|x64.ActiveCfg = Debug|x64
		{5DC34F96-2C6A-4FE1-9DF4-8FC27E497092}.Debug|x64.Build.0 = Debug|x64
		{5DC34F96-2C6A-4FE1-9DF4-8FC27E497092}.Debug|x86.ActiveCfg = Debug|Win32
		{5DC34F96-2C6A-4FE1-9DF4-8FC27E497092}.Debug|x86.Build.0 = Debug|Win32
		{5DC34F96-2C6A-4FE1-9DF4-8FC27E497092}.Release|x64.ActiveCfg = Release|x64
		{5DC34F96-2C6A-4FE1-9DF4-8FC27E497092}.Release|x64.Build.0 = Release|x64
		{5DC34F96-2C6A-4FE1-9DF4-8FC27E497092}.Release|x86.ActiveCfg = Release|Win32
		{5DC34F96-2C6A-4FE1-9DF4-8FC27E497092}.Release|x86.Build.0 = Release|Win32
		{DA72D79F-A4F4-4E43-9A6C-67DD4A4852A6}.Debug|x64.ActiveCfg = Debug|x64
		{DA72D79F-A4F4-4E43-9A6C-67DD4A4852A6}.Debug|x64.Build.0 = Debug|x64
		{DA72D79F-A4F4-4E43-9A6C-67DD4A4852A6}.Debug|x86.ActiveCfg = Debug|Win32
		{DA72D79F-A4F4-4E43-9A6C-67DD4A4852A6}.Debug|x86.Build.0 = Debug|Win32
		{DA72D79F-A4F4-4E43-9A6C-67DD4A4852A6}.Release|x64.ActiveCfg = Release|x64
		{DA72D79F-A4F4-4E43-9A6C-67DD4A4852A6}.Release|x64.Build.0 = Release|x64
		{DA72D79F-A4F4-4E43-9A6C-67DD4A4852A6}.Release|x86.ActiveCfg = Release|Win32
		{DA72D79F-A4F4-4E43-9A6C-67DD4A4852A6}.Release|x86.Build.0 = Release|Win32
		{E671B3BB-F99D-4D27-A4D3-28D0245AEF78}.Debug|x64.ActiveCfg = Debug|x64
		{E671B3BB-F99D-4D27-A4D3-28D0245AEF78}.Debug|x64.Build.0 = Debug|x64
		{E671B3BB-F99D-4D27-A4D3-28D0245AEF78}.Debug|x86.ActiveCfg = Debug|Win32
		{E671B3BB-F99D-4D27-A4D3-28D0245AEF78}.Debug|x86.Build.0 = Debug|Win32
		{E671B3BB-F99D-4D27-A4D3-28D0245AEF78}.Release|x64.ActiveCfg = Release|x64
		{E671B3BB-F99D-4D27-A4D3-28D0245AEF78}.Release|x64.Build.0 = Release|x64
		{E671B3BB-F99D-4D27-A4D3-28D0245AEF78}.Release|x86.ActiveCfg = Release|Win32
		{E671B3BB-F99D-4D27-A4D3-28D0245AEF78}.Release|x86.Build.0 = Release|Win32
		{5B67A035-EA89-435A-B4E9-29F170548280}.Debug|x64.ActiveCfg = Debug|x64
		{5B67A035-EA89-435A-B4E9-29F170548280}.Debug|x64.Build.0 = Debug|x64
		{5B67A035-EA89-435A-B4E9-29F170548280}.Debug|x86.ActiveCfg = Debug|Win32
		{5B67A035-EA89-435A-B4E9-29F170548280}.Debug|x86.Build.0 = Debug|Win32
		{5B67A035-EA89-435A-B4E9-29F170548280}.Release|x64.ActiveCfg = Release|x64
		{5B67A035-EA89-435A-B4E9-29F170548280}.Release|x64.Build.0 = Release|x64
		{5B67A035-EA89-435A-B4E9-29F170548280}.Release|x86.ActiveCfg = Release|Win32
		{5B67A035-EA89-435A-B4E9-29F170548280}.Release|x86.Build.0 = Release|Win32
		{4CE061DE-25F2-4BA7-930C-424EA8960BB0}.Debug|x64.ActiveCfg = Debug|x64
		{4CE061DE-25F2-4BA7-930C-424EA8960BB0}.Debug|x64.Build.0 = Debug|x64
		{4CE061DE-25F2-4BA7-930C-424EA8960BB0}.Debug|x86.ActiveCfg = Debug|Win32
		{4CE061DE-25F2-4BA7-930C-424EA8960BB0}.Debug|x86.Build.0 = Debug|Win32
		{4CE061DE-25F2-4BA7-930C-424EA8960BB0}.Release|x64.ActiveCfg = Release|x64
		{4CE061DE-25F2-4BA7-930C-424EA8960BB0}.Release|x64.Build.0 = Release|x64
		{4CE061DE-25F2-4BA7-930C-424EA8960BB0}.Release|x86.ActiveCfg = Release|Win32
		{4CE061DE-25F2-4BA7-930C-424EA8960BB0}.Release|x86.Build.0 = Release|Win32
		{58990678-B250-415F-8D68-4D7334C9FDC7}.Debug|x64.ActiveCfg = Debug|x64
		{58990678-B250-415F-8D68-4D7334C9FDC7}.Debug|x64.Build.0 = Debug|x64
		{58990678-B250-415F-8D68-4D7334C9FDC7}.Debug|x86.ActiveCfg = Debug|Win32
		{58990678-B250-415F-8D68-4D7334C9FDC7}.Debug|x86.Build.0 = Debug|Win32
		{58990678-B250-415F-8D68-4D7334C9FDC7}.Release|x64.ActiveCfg = Release|x64
		{58990678-B250-415F-8D68-4D7334C9FDC7}.Release|x64.Build.0 = Release|x64
		{58990678-B250-415F-8D68-4D7334C9FDC7}.Release|x86.ActiveCfg = Release|Win32
		{58990678-B250-415F-8D68-4D7334C9FDC7}.Release|x86.Build.0 = Release|Win32
		{87B5102C-C3E8-47AD-990E-FF58E8A2F1BC}.Debug|x64.ActiveCfg = Debug|x64
		{87B5102C-C3E8-47AD-990E-FF58E8A2F1BC}.Debug|x64.Build.0 = Debug|x64
		{87B5102C-C3E8-47AD-990E-FF58E8A2F1BC}.Debug|x86.ActiveCfg = Debug|Win32
		{87B5102C-C3E8-47AD-990E-FF58E8A2F1BC}.Debug|x86.Build.0 = Debug|Win32
		{87B5102C-C3E8-47AD-990E-FF58E8A2F1BC}.Release|x64.ActiveCfg = Release|x64
		{87B5102C-C3E8-47AD-990E-FF58E8A2F1BC}.Release|x64.Build.0 = Release|x64
		{87B5102C-C3E8-47AD-990E-FF58E8A2F1BC}.Release|x86.ActiveCfg = Release|Win32
		{87B5102C-C3E8-47AD-990E-FF58E8A2F1BC}.Release|x86.Build.0 = Release|Win32
		{C951F572-19D2-41B9-8FD4-1573D565DDFC}.Debug|x64.ActiveCfg = Debug|x64
		{C951F572-19D2-41B9-8FD4-1573D565DDFC}.Debug|x64.Build.0 = Debug|x64
		{C951F572-19D2-41B9-8FD4-1573D565DDFC}.Debug|x86.ActiveCfg = Debug|Win32
		{C951F572-19D2-41B9-8FD4-1573D565DDFC}.Debug|x86.Build.0 = Debug|Win32
		{C951F572-19D2-41B9-8FD4-1573D565DDFC}.Release|x64.ActiveCfg = Release|x64
		{C951F572-19D2-41B9-8FD4-1573D565DDFC}.Release|x64.Build.0 = Release|x64
		{C951F572-19D2-41B9-8FD4-1573D565DDFC}.Release|x86.ActiveCfg = Release|Win32
		{C951F572-19D2-41B9-8FD4-1573D565DDFC}.Release|x86.Build.0 = Release|Win32
		{F266EA15-77C0-4725-9590-64F8617BA523}.Debug|x64.ActiveCfg = Debug|x64
		{F266EA15-77C0-4725-9590-64F8617BA523}.Debug|x64.Build.0 = Debug|x64
		{F266EA15-77C0-4725-9590-64F8617BA523}.Debug|x86.ActiveCfg = Debug|Win32
		{F266EA15-77C0-4725-9590-64F8617BA523}.Debug|x86.Build.0 = Debug|Win32
		{F266EA15-77C0-4725-9590-64F8617BA523}.Release|x64.ActiveCfg = Release|x64
		{F266EA15-77C0-4725-9590-64F8617BA523}.Release|x64.Build.0 = Release|x64
		{F266EA15-77C0-4725-9590-64F8617BA523}.Release|x86.ActiveCfg = Release|Win32
		{F266EA15-77C0-4725-9590-64F8617BA523}.Release|x86.Build.0 = Release|Win32
	EndGlobalSection
	GlobalSection(SolutionProperties) = preSolution
		HideSolutionNode = FALSE
	EndGlobalSection
	GlobalSection(ExtensibilityGlobals) = postSolution
		SolutionGuid = {95B5F8DB-3D9A-4C28-9598-912A1C72B78E}
	EndGlobalSection
EndGlobal
